
Microsoft Visual Studio Solution File, Format Version 12.00
# Visual Studio Version 16
VisualStudioVersion = 16.0.30907.101
MinimumVisualStudioVersion = 10.0.40219.1
Project("{9A19103F-16F7-4668-BE54-9A1E7A4F7556}") = "BlazorApp50", "BlazorApp50.csproj", "{BA14F51F-6196-4BEC-A1B1-F3E7D40D935F}"
	ProjectSection(ProjectDependencies) = postProject
		{6296F69F-87A6-4BD0-9E6D-92C4390F3485} = {6296F69F-87A6-4BD0-9E6D-92C4390F3485}
	EndProjectSection
EndProject
Project("{9A19103F-16F7-4668-BE54-9A1E7A4F7556}") = "Messages", "..\Messages\Messages.csproj", "{D549012E-3EF8-4CD7-8A70-82DB161FAB53}"
EndProject
Project("{9A19103F-16F7-4668-BE54-9A1E7A4F7556}") = "Consumer", "..\Consumer\Consumer.csproj", "{89EC7A2E-77A3-4257-B61C-6E4267B9A97F}"
EndProject
Project("{9A19103F-16F7-4668-BE54-9A1E7A4F7556}") = "Core", "..\Data\Core.csproj", "{23EEEE3E-1E8B-4EDA-8D35-61D639FF288A}"
EndProject
Project("{2150E333-8FDC-42A3-9474-1A3956D46DE8}") = "Microservices", "Microservices", "{8F748985-BCE6-4229-A6E7-2ECFD1253288}"
EndProject
Project("{9A19103F-16F7-4668-BE54-9A1E7A4F7556}") = "BlazorApp50.Microservices.TrafficReport", "..\BlazorApp50.Microservices.TrafficReport\BlazorApp50.Microservices.TrafficReport.csproj", "{6296F69F-87A6-4BD0-9E6D-92C4390F3485}"
EndProject
Global
	GlobalSection(SolutionConfigurationPlatforms) = preSolution
		Debug|Any CPU = Debug|Any CPU
		Release|Any CPU = Release|Any CPU
	EndGlobalSection
	GlobalSection(ProjectConfigurationPlatforms) = postSolution
		{BA14F51F-6196-4BEC-A1B1-F3E7D40D935F}.Debug|Any CPU.ActiveCfg = Debug|Any CPU
		{BA14F51F-6196-4BEC-A1B1-F3E7D40D935F}.Debug|Any CPU.Build.0 = Debug|Any CPU
		{BA14F51F-6196-4BEC-A1B1-F3E7D40D935F}.Release|Any CPU.ActiveCfg = Release|Any CPU
		{BA14F51F-6196-4BEC-A1B1-F3E7D40D935F}.Release|Any CPU.Build.0 = Release|Any CPU
		{D549012E-3EF8-4CD7-8A70-82DB161FAB53}.Debug|Any CPU.ActiveCfg = Debug|Any CPU
		{D549012E-3EF8-4CD7-8A70-82DB161FAB53}.Debug|Any CPU.Build.0 = Debug|Any CPU
		{D549012E-3EF8-4CD7-8A70-82DB161FAB53}.Release|Any CPU.ActiveCfg = Release|Any CPU
		{D549012E-3EF8-4CD7-8A70-82DB161FAB53}.Release|Any CPU.Build.0 = Release|Any CPU
		{89EC7A2E-77A3-4257-B61C-6E4267B9A97F}.Debug|Any CPU.ActiveCfg = Debug|Any CPU
		{89EC7A2E-77A3-4257-B61C-6E4267B9A97F}.Debug|Any CPU.Build.0 = Debug|Any CPU
		{89EC7A2E-77A3-4257-B61C-6E4267B9A97F}.Release|Any CPU.ActiveCfg = Release|Any CPU
		{89EC7A2E-77A3-4257-B61C-6E4267B9A97F}.Release|Any CPU.Build.0 = Release|Any CPU
		{23EEEE3E-1E8B-4EDA-8D35-61D639FF288A}.Debug|Any CPU.ActiveCfg = Debug|Any CPU
		{23EEEE3E-1E8B-4EDA-8D35-61D639FF288A}.Debug|Any CPU.Build.0 = Debug|Any CPU
		{23EEEE3E-1E8B-4EDA-8D35-61D639FF288A}.Release|Any CPU.ActiveCfg = Release|Any CPU
		{23EEEE3E-1E8B-4EDA-8D35-61D639FF288A}.Release|Any CPU.Build.0 = Release|Any CPU
		{6296F69F-87A6-4BD0-9E6D-92C4390F3485}.Debug|Any CPU.ActiveCfg = Debug|Any CPU
		{6296F69F-87A6-4BD0-9E6D-92C4390F3485}.Debug|Any CPU.Build.0 = Debug|Any CPU
		{6296F69F-87A6-4BD0-9E6D-92C4390F3485}.Release|Any CPU.ActiveCfg = Release|Any CPU
		{6296F69F-87A6-4BD0-9E6D-92C4390F3485}.Release|Any CPU.Build.0 = Release|Any CPU
	EndGlobalSection
	GlobalSection(SolutionProperties) = preSolution
		HideSolutionNode = FALSE
	EndGlobalSection
	GlobalSection(NestedProjects) = preSolution
		{6296F69F-87A6-4BD0-9E6D-92C4390F3485} = {8F748985-BCE6-4229-A6E7-2ECFD1253288}
	EndGlobalSection
	GlobalSection(ExtensibilityGlobals) = postSolution
		SolutionGuid = {A1E78092-9372-446B-8D39-EFDBD6DA00C8}
	EndGlobalSection
EndGlobal
